
Microsoft Visual Studio Solution File, Format Version 12.00
# Visual Studio 15
Project("{FAE04EC0-301F-11D3-BF4B-00C04F79EFBC}") = "fps.UI", "fps.UI.csproj", "{EE90473B-21A6-3E51-BFC2-9D01759D0A75}"
EndProject
Project("{FAE04EC0-301F-11D3-BF4B-00C04F79EFBC}") = "fps.Game", "fps.Game.csproj", "{07F2F2AD-DCFC-0E6C-77F0-3A3EFA2BB08D}"
EndProject
Project("{FAE04EC0-301F-11D3-BF4B-00C04F79EFBC}") = "Assembly-CSharp", "Assembly-CSharp.csproj", "{A8AC0045-E708-A689-BFF6-3BE757F2C22C}"
EndProject
Project("{FAE04EC0-301F-11D3-BF4B-00C04F79EFBC}") = "fps.Editor", "fps.Editor.csproj", "{54321430-0695-7906-15F1-B003A5C7B2EC}"
EndProject
Project("{FAE04EC0-301F-11D3-BF4B-00C04F79EFBC}") = "fps.Gameplay", "fps.Gameplay.csproj", "{A52B913D-9BB6-FD66-349A-B0ECD5AA06CD}"
EndProject
Project("{FAE04EC0-301F-11D3-BF4B-00C04F79EFBC}") = "NavMeshComponents", "NavMeshComponents.csproj", "{E36C76DF-9404-7C2A-4133-743945777FA8}"
EndProject
Project("{FAE04EC0-301F-11D3-BF4B-00C04F79EFBC}") = "fps.AI", "fps.AI.csproj", "{6D971FD5-3FAD-F812-EF7C-FC357698E265}"
EndProject
Project("{FAE04EC0-301F-11D3-BF4B-00C04F79EFBC}") = "Unity.Microgame.Tutorials", "Unity.Microgame.Tutorials.csproj", "{E63CB7B6-6C77-9C03-D0CE-586D6E8C6168}"
EndProject
Project("{FAE04EC0-301F-11D3-BF4B-00C04F79EFBC}") = "NavMeshComponentsEditor", "NavMeshComponentsEditor.csproj", "{2B442BE5-E652-C3DD-A614-0FB6902879EE}"
EndProject
Project("{FAE04EC0-301F-11D3-BF4B-00C04F79EFBC}") = "Unity.FPS.Tutorials", "Unity.FPS.Tutorials.csproj", "{71F072D5-017C-EC66-383F-1D4178EAAB7E}"
EndProject
Global
	GlobalSection(SolutionConfigurationPlatforms) = preSolution
		Debug|Any CPU = Debug|Any CPU
		Release|Any CPU = Release|Any CPU
	EndGlobalSection
	GlobalSection(ProjectConfigurationPlatforms) = postSolution
		{EE90473B-21A6-3E51-BFC2-9D01759D0A75}.Debug|Any CPU.ActiveCfg = Debug|Any CPU
		{EE90473B-21A6-3E51-BFC2-9D01759D0A75}.Debug|Any CPU.Build.0 = Debug|Any CPU
		{EE90473B-21A6-3E51-BFC2-9D01759D0A75}.Release|Any CPU.ActiveCfg = Release|Any CPU
		{EE90473B-21A6-3E51-BFC2-9D01759D0A75}.Release|Any CPU.Build.0 = Release|Any CPU
		{07F2F2AD-DCFC-0E6C-77F0-3A3EFA2BB08D}.Debug|Any CPU.ActiveCfg = Debug|Any CPU
		{07F2F2AD-DCFC-0E6C-77F0-3A3EFA2BB08D}.Debug|Any CPU.Build.0 = Debug|Any CPU
		{07F2F2AD-DCFC-0E6C-77F0-3A3EFA2BB08D}.Release|Any CPU.ActiveCfg = Release|Any CPU
		{07F2F2AD-DCFC-0E6C-77F0-3A3EFA2BB08D}.Release|Any CPU.Build.0 = Release|Any CPU
		{A8AC0045-E708-A689-BFF6-3BE757F2C22C}.Debug|Any CPU.ActiveCfg = Debug|Any CPU
		{A8AC0045-E708-A689-BFF6-3BE757F2C22C}.Debug|Any CPU.Build.0 = Debug|Any CPU
		{A8AC0045-E708-A689-BFF6-3BE757F2C22C}.Release|Any CPU.ActiveCfg = Release|Any CPU
		{A8AC0045-E708-A689-BFF6-3BE757F2C22C}.Release|Any CPU.Build.0 = Release|Any CPU
		{54321430-0695-7906-15F1-B003A5C7B2EC}.Debug|Any CPU.ActiveCfg = Debug|Any CPU
		{54321430-0695-7906-15F1-B003A5C7B2EC}.Debug|Any CPU.Build.0 = Debug|Any CPU
		{54321430-0695-7906-15F1-B003A5C7B2EC}.Release|Any CPU.ActiveCfg = Release|Any CPU
		{54321430-0695-7906-15F1-B003A5C7B2EC}.Release|Any CPU.Build.0 = Release|Any CPU
		{A52B913D-9BB6-FD66-349A-B0ECD5AA06CD}.Debug|Any CPU.ActiveCfg = Debug|Any CPU
		{A52B913D-9BB6-FD66-349A-B0ECD5AA06CD}.Debug|Any CPU.Build.0 = Debug|Any CPU
		{A52B913D-9BB6-FD66-349A-B0ECD5AA06CD}.Release|Any CPU.ActiveCfg = Release|Any CPU
		{A52B913D-9BB6-FD66-349A-B0ECD5AA06CD}.Release|Any CPU.Build.0 = Release|Any CPU
		{E36C76DF-9404-7C2A-4133-743945777FA8}.Debug|Any CPU.ActiveCfg = Debug|Any CPU
		{E36C76DF-9404-7C2A-4133-743945777FA8}.Debug|Any CPU.Build.0 = Debug|Any CPU
		{E36C76DF-9404-7C2A-4133-743945777FA8}.Release|Any CPU.ActiveCfg = Release|Any CPU
		{E36C76DF-9404-7C2A-4133-743945777FA8}.Release|Any CPU.Build.0 = Release|Any CPU
		{6D971FD5-3FAD-F812-EF7C-FC357698E265}.Debug|Any CPU.ActiveCfg = Debug|Any CPU
		{6D971FD5-3FAD-F812-EF7C-FC357698E265}.Debug|Any CPU.Build.0 = Debug|Any CPU
		{6D971FD5-3FAD-F812-EF7C-FC357698E265}.Release|Any CPU.ActiveCfg = Release|Any CPU
		{6D971FD5-3FAD-F812-EF7C-FC357698E265}.Release|Any CPU.Build.0 = Release|Any CPU
		{E63CB7B6-6C77-9C03-D0CE-586D6E8C6168}.Debug|Any CPU.ActiveCfg = Debug|Any CPU
		{E63CB7B6-6C77-9C03-D0CE-586D6E8C6168}.Debug|Any CPU.Build.0 = Debug|Any CPU
		{E63CB7B6-6C77-9C03-D0CE-586D6E8C6168}.Release|Any CPU.ActiveCfg = Release|Any CPU
		{E63CB7B6-6C77-9C03-D0CE-586D6E8C6168}.Release|Any CPU.Build.0 = Release|Any CPU
		{2B442BE5-E652-C3DD-A614-0FB6902879EE}.Debug|Any CPU.ActiveCfg = Debug|Any CPU
		{2B442BE5-E652-C3DD-A614-0FB6902879EE}.Debug|Any CPU.Build.0 = Debug|Any CPU
		{2B442BE5-E652-C3DD-A614-0FB6902879EE}.Release|Any CPU.ActiveCfg = Release|Any CPU
		{2B442BE5-E652-C3DD-A614-0FB6902879EE}.Release|Any CPU.Build.0 = Release|Any CPU
		{71F072D5-017C-EC66-383F-1D4178EAAB7E}.Debug|Any CPU.ActiveCfg = Debug|Any CPU
		{71F072D5-017C-EC66-383F-1D4178EAAB7E}.Debug|Any CPU.Build.0 = Debug|Any CPU
		{71F072D5-017C-EC66-383F-1D4178EAAB7E}.Release|Any CPU.ActiveCfg = Release|Any CPU
		{71F072D5-017C-EC66-383F-1D4178EAAB7E}.Release|Any CPU.Build.0 = Release|Any CPU
	EndGlobalSection
	GlobalSection(SolutionProperties) = preSolution
		HideSolutionNode = FALSE
	EndGlobalSection
EndGlobal
